
Microsoft Visual Studio Solution File, Format Version 12.00
# Visual Studio Version 17
VisualStudioVersion = 17.5.33414.496
MinimumVisualStudioVersion = 10.0.40219.1
Project("{FAE04EC0-301F-11D3-BF4B-00C04F79EFBC}") = "ProtonMediaControlFix", "ProtonMediaControlFix\ProtonMediaControlFix.csproj", "{DE45BA36-210A-4CE0-96A7-8FD1EE06405B}"
EndProject
Project("{FAE04EC0-301F-11D3-BF4B-00C04F79EFBC}") = "ModLoadSeparator", "ModLoadSeparator\ModLoadSeparator.csproj", "{3B022A12-14D5-45E1-A230-90D24A00395F}"
EndProject
Global
	GlobalSection(SolutionConfigurationPlatforms) = preSolution
		Debug|Any CPU = Debug|Any CPU
		Release|Any CPU = Release|Any CPU
	EndGlobalSection
	GlobalSection(ProjectConfigurationPlatforms) = postSolution
		{DE45BA36-210A-4CE0-96A7-8FD1EE06405B}.Debug|Any CPU.ActiveCfg = Debug|Any CPU
		{DE45BA36-210A-4CE0-96A7-8FD1EE06405B}.Debug|Any CPU.Build.0 = Debug|Any CPU
		{DE45BA36-210A-4CE0-96A7-8FD1EE06405B}.Release|Any CPU.ActiveCfg = Release|Any CPU
		{DE45BA36-210A-4CE0-96A7-8FD1EE06405B}.Release|Any CPU.Build.0 = Release|Any CPU
		{3B022A12-14D5-45E1-A230-90D24A00395F}.Debug|Any CPU.ActiveCfg = Debug|Any CPU
		{3B022A12-14D5-45E1-A230-90D24A00395F}.Debug|Any CPU.Build.0 = Debug|Any CPU
		{3B022A12-14D5-45E1-A230-90D24A00395F}.Release|Any CPU.ActiveCfg = Release|Any CPU
		{3B022A12-14D5-45E1-A230-90D24A00395F}.Release|Any CPU.Build.0 = Release|Any CPU
	EndGlobalSection
	GlobalSection(SolutionProperties) = preSolution
		HideSolutionNode = FALSE
	EndGlobalSection
EndGlobal
