
Microsoft Visual Studio Solution File, Format Version 12.00
Project("{FAE04EC0-301F-11D3-BF4B-00C04F79EFBC}") = "ProtonMediaControlFix", "ProtonMediaControlFix\ProtonMediaControlFix.csproj", "{DE45BA36-210A-4CE0-96A7-8FD1EE06405B}"
EndProject
Global
	GlobalSection(SolutionConfigurationPlatforms) = preSolution
		Debug|Any CPU = Debug|Any CPU
		Release|Any CPU = Release|Any CPU
	EndGlobalSection
	GlobalSection(ProjectConfigurationPlatforms) = postSolution
		{DE45BA36-210A-4CE0-96A7-8FD1EE06405B}.Debug|Any CPU.ActiveCfg = Debug|Any CPU
		{DE45BA36-210A-4CE0-96A7-8FD1EE06405B}.Debug|Any CPU.Build.0 = Debug|Any CPU
		{DE45BA36-210A-4CE0-96A7-8FD1EE06405B}.Release|Any CPU.ActiveCfg = Release|Any CPU
		{DE45BA36-210A-4CE0-96A7-8FD1EE06405B}.Release|Any CPU.Build.0 = Release|Any CPU
	EndGlobalSection
EndGlobal
